
Microsoft Visual Studio Solution File, Format Version 12.00
# Visual Studio Version 17
VisualStudioVersion = 17.14.36202.13
MinimumVisualStudioVersion = 10.0.40219.1
Project("{FAE04EC0-301F-11D3-BF4B-00C04F79EFBC}") = "Compresor de archivos", "Compresor de archivos\Compresor de archivos.csproj", "{C92A2656-DDED-40E8-A896-0A8A9DEFD87E}"
EndProject
Global
	GlobalSection(SolutionConfigurationPlatforms) = preSolution
		Debug|Any CPU = Debug|Any CPU
		Release|Any CPU = Release|Any CPU
	EndGlobalSection
	GlobalSection(ProjectConfigurationPlatforms) = postSolution
		{C92A2656-DDED-40E8-A896-0A8A9DEFD87E}.Debug|Any CPU.ActiveCfg = Debug|Any CPU
		{C92A2656-DDED-40E8-A896-0A8A9DEFD87E}.Debug|Any CPU.Build.0 = Debug|Any CPU
		{C92A2656-DDED-40E8-A896-0A8A9DEFD87E}.Release|Any CPU.ActiveCfg = Release|Any CPU
		{C92A2656-DDED-40E8-A896-0A8A9DEFD87E}.Release|Any CPU.Build.0 = Release|Any CPU
	EndGlobalSection
	GlobalSection(SolutionProperties) = preSolution
		HideSolutionNode = FALSE
	EndGlobalSection
	GlobalSection(ExtensibilityGlobals) = postSolution
		SolutionGuid = {65A960D0-9B5D-405E-9E18-BDF162867C7A}
	EndGlobalSection
EndGlobal
